
Microsoft Visual Studio Solution File, Format Version 12.00
# Visual Studio Version 17
VisualStudioVersion = 17.6.33829.357
MinimumVisualStudioVersion = 10.0.40219.1
Project("{FAE04EC0-301F-11D3-BF4B-00C04F79EFBC}") = "PasswordManager", "PasswordManager.csproj", "{12881BEB-B6E6-4641-B37E-1D74EE8D88DE}"
EndProject
Global
	GlobalSection(SolutionConfigurationPlatforms) = preSolution
		Debug|Any CPU = Debug|Any CPU
		Release|Any CPU = Release|Any CPU
	EndGlobalSection
	GlobalSection(ProjectConfigurationPlatforms) = postSolution
		{12881BEB-B6E6-4641-B37E-1D74EE8D88DE}.Debug|Any CPU.ActiveCfg = Debug|Any CPU
		{12881BEB-B6E6-4641-B37E-1D74EE8D88DE}.Debug|Any CPU.Build.0 = Debug|Any CPU
		{12881BEB-B6E6-4641-B37E-1D74EE8D88DE}.Release|Any CPU.ActiveCfg = Release|Any CPU
		{12881BEB-B6E6-4641-B37E-1D74EE8D88DE}.Release|Any CPU.Build.0 = Release|Any CPU
	EndGlobalSection
	GlobalSection(SolutionProperties) = preSolution
		HideSolutionNode = FALSE
	EndGlobalSection
	GlobalSection(ExtensibilityGlobals) = postSolution
		SolutionGuid = {DDBD9D6C-FC8D-4F81-8BBC-228695184A5F}
	EndGlobalSection
EndGlobal
